
Microsoft Visual Studio Solution File, Format Version 12.00
# Visual Studio Version 17
VisualStudioVersion = 17.5.33627.172
MinimumVisualStudioVersion = 10.0.40219.1
Project("{FAE04EC0-301F-11D3-BF4B-00C04F79EFBC}") = "Presentacion.Tienda", "Presentacion.Tienda\Presentacion.Tienda.csproj", "{2FC2413C-48E6-4789-A43E-134FFCCCE31B}"
EndProject
Project("{FAE04EC0-301F-11D3-BF4B-00C04F79EFBC}") = "Entidades.Tienda", "Entidades.Tienda\Entidades.Tienda.csproj", "{1B649148-4102-434F-81FF-B305964F53A0}"
EndProject
Project("{FAE04EC0-301F-11D3-BF4B-00C04F79EFBC}") = "Logica.Tienda", "Logica.Tienda\Logica.Tienda.csproj", "{D3223791-1C66-4F84-95D2-EDF1A9B09B71}"
EndProject
Project("{FAE04EC0-301F-11D3-BF4B-00C04F79EFBC}") = "AccesoDatos.Tienda", "AccesoDatos.Tienda\AccesoDatos.Tienda.csproj", "{19683CEF-E96D-4996-A7B8-30E05397F5AE}"
EndProject
Global
	GlobalSection(SolutionConfigurationPlatforms) = preSolution
		Debug|Any CPU = Debug|Any CPU
		Release|Any CPU = Release|Any CPU
	EndGlobalSection
	GlobalSection(ProjectConfigurationPlatforms) = postSolution
		{2FC2413C-48E6-4789-A43E-134FFCCCE31B}.Debug|Any CPU.ActiveCfg = Debug|Any CPU
		{2FC2413C-48E6-4789-A43E-134FFCCCE31B}.Debug|Any CPU.Build.0 = Debug|Any CPU
		{2FC2413C-48E6-4789-A43E-134FFCCCE31B}.Release|Any CPU.ActiveCfg = Release|Any CPU
		{2FC2413C-48E6-4789-A43E-134FFCCCE31B}.Release|Any CPU.Build.0 = Release|Any CPU
		{1B649148-4102-434F-81FF-B305964F53A0}.Debug|Any CPU.ActiveCfg = Debug|Any CPU
		{1B649148-4102-434F-81FF-B305964F53A0}.Debug|Any CPU.Build.0 = Debug|Any CPU
		{1B649148-4102-434F-81FF-B305964F53A0}.Release|Any CPU.ActiveCfg = Release|Any CPU
		{1B649148-4102-434F-81FF-B305964F53A0}.Release|Any CPU.Build.0 = Release|Any CPU
		{D3223791-1C66-4F84-95D2-EDF1A9B09B71}.Debug|Any CPU.ActiveCfg = Debug|Any CPU
		{D3223791-1C66-4F84-95D2-EDF1A9B09B71}.Debug|Any CPU.Build.0 = Debug|Any CPU
		{D3223791-1C66-4F84-95D2-EDF1A9B09B71}.Release|Any CPU.ActiveCfg = Release|Any CPU
		{D3223791-1C66-4F84-95D2-EDF1A9B09B71}.Release|Any CPU.Build.0 = Release|Any CPU
		{19683CEF-E96D-4996-A7B8-30E05397F5AE}.Debug|Any CPU.ActiveCfg = Debug|Any CPU
		{19683CEF-E96D-4996-A7B8-30E05397F5AE}.Debug|Any CPU.Build.0 = Debug|Any CPU
		{19683CEF-E96D-4996-A7B8-30E05397F5AE}.Release|Any CPU.ActiveCfg = Release|Any CPU
		{19683CEF-E96D-4996-A7B8-30E05397F5AE}.Release|Any CPU.Build.0 = Release|Any CPU
	EndGlobalSection
	GlobalSection(SolutionProperties) = preSolution
		HideSolutionNode = FALSE
	EndGlobalSection
	GlobalSection(ExtensibilityGlobals) = postSolution
		SolutionGuid = {4DAEBDB1-2B52-4A85-900E-D5652A71EA33}
	EndGlobalSection
EndGlobal
